
Microsoft Visual Studio Solution File, Format Version 12.00
# Visual Studio Version 17
VisualStudioVersion = 17.11.35327.3
MinimumVisualStudioVersion = 10.0.40219.1
Project("{2150E333-8FDC-42A3-9474-1A3956D46DE8}") = "APIGateways", "APIGateways", "{26E397C6-0F03-4714-B4AA-C3C8CC5BE4AC}"
EndProject
Project("{2150E333-8FDC-42A3-9474-1A3956D46DE8}") = "Services", "Services", "{B6A02925-761D-4E78-BC3A-F4F21720871F}"
EndProject
Project("{2150E333-8FDC-42A3-9474-1A3956D46DE8}") = "Building Blocks", "Building Blocks", "{18E8C306-C590-4865-A1D5-C3C5E731D637}"
EndProject
Project("{2150E333-8FDC-42A3-9474-1A3956D46DE8}") = "Presentation", "Presentation", "{E9935084-D6C5-4B25-B225-45EA3EBCB356}"
EndProject
Project("{2150E333-8FDC-42A3-9474-1A3956D46DE8}") = "Core", "Core", "{E8BDB5E6-4EDB-488B-9917-B109D377CBC5}"
EndProject
Project("{2150E333-8FDC-42A3-9474-1A3956D46DE8}") = "MessageBus", "MessageBus", "{FC90EA35-B226-444B-BBBE-74B9DE5FA8A2}"
EndProject
Project("{2150E333-8FDC-42A3-9474-1A3956D46DE8}") = "Services", "Services", "{A33BA450-4886-4432-BBDD-0F90D007EECB}"
EndProject
Project("{2150E333-8FDC-42A3-9474-1A3956D46DE8}") = "Web", "Web", "{FAC1CB01-4C35-4EF4-8781-A55F9B27A69B}"
EndProject
Project("{2150E333-8FDC-42A3-9474-1A3956D46DE8}") = "MVC", "MVC", "{E040A274-2754-4E08-A210-4B549646D322}"
EndProject
Project("{2150E333-8FDC-42A3-9474-1A3956D46DE8}") = "Identity", "Identity", "{7133DDA1-880C-4FDE-8851-75863632D6F1}"
EndProject
Project("{2150E333-8FDC-42A3-9474-1A3956D46DE8}") = "Catalog", "Catalog", "{A3F5F979-F401-4F79-A070-7B9D87A08E16}"
EndProject
Project("{2150E333-8FDC-42A3-9474-1A3956D46DE8}") = "Order", "Order", "{B9681B44-712E-4E00-9D12-178719B7509D}"
EndProject
Project("{2150E333-8FDC-42A3-9474-1A3956D46DE8}") = "Billing", "Billing", "{B662A463-3FF1-443D-9236-7864FC98AB0C}"
EndProject
Project("{2150E333-8FDC-42A3-9474-1A3956D46DE8}") = "ShoppingCart", "ShoppingCart", "{9D5F5B77-4BE3-463E-8436-73E6C9D48084}"
EndProject
Project("{2150E333-8FDC-42A3-9474-1A3956D46DE8}") = "Customer", "Customer", "{DDC3FC26-8967-4ADB-A84E-D16E5153B871}"
EndProject
Project("{FAE04EC0-301F-11D3-BF4B-00C04F79EFBC}") = "AVS.NerdStoreShopping.IdentityServer", "src\Services\AVS.NerdStoreShopping.IdentityServer\AVS.NerdStoreShopping.IdentityServer.csproj", "{608DAF52-5466-4D56-B9CB-540534E9685D}"
EndProject
Project("{FAE04EC0-301F-11D3-BF4B-00C04F79EFBC}") = "AVS.NerdStoreShopping.CatalogAPI", "src\Services\AVS.NerdStoreShopping.CatalogAPI\AVS.NerdStoreShopping.CatalogAPI.csproj", "{3B2EA066-2879-4C96-ADCB-FD5ABD74671B}"
EndProject
Project("{FAE04EC0-301F-11D3-BF4B-00C04F79EFBC}") = "AVS.NerdStoreShopping.CustomersAPI", "src\Services\AVS.NerdStoreShopping.CustomersAPI\AVS.NerdStoreShopping.CustomersAPI.csproj", "{32A39D7A-8EF9-4FDF-A4BA-99984D0129A8}"
EndProject
Project("{FAE04EC0-301F-11D3-BF4B-00C04F79EFBC}") = "AVS.NerdStoreShopping.OrdersAPI", "src\Services\AVS.NerdStoreShopping.OrdersAPI\AVS.NerdStoreShopping.OrdersAPI.csproj", "{E426146B-7EE8-4386-BA9F-F2E46F556866}"
EndProject
Project("{FAE04EC0-301F-11D3-BF4B-00C04F79EFBC}") = "AVS.NerdStoreShopping.ShoppingCartAPI", "src\Services\AVS.NerdStoreShopping.ShoppingCartAPI\AVS.NerdStoreShopping.ShoppingCartAPI.csproj", "{857E15DC-E487-41AD-BBBD-9B3D32CADACD}"
EndProject
Project("{FAE04EC0-301F-11D3-BF4B-00C04F79EFBC}") = "AVS.NerdStoreShopping.BillingAPI", "src\Services\AVS.NerdStoreShopping.BillingAPI\AVS.NerdStoreShopping.BillingAPI.csproj", "{6FF4B25A-2468-4D63-B368-B241C5C50605}"
EndProject
Project("{FAE04EC0-301F-11D3-BF4B-00C04F79EFBC}") = "AVS.NerdStoreShopping.MVC", "src\Web\AVS.NerdStoreShopping.MVC\AVS.NerdStoreShopping.MVC.csproj", "{CEBC5249-871F-479B-9F14-6D6536190CA6}"
EndProject
Project("{FAE04EC0-301F-11D3-BF4B-00C04F79EFBC}") = "AVS.NerdStoreShopping.Core", "src\BuildingBlocks\AVS.NerdStoreShopping.Core\AVS.NerdStoreShopping.Core.csproj", "{426C0330-3C61-4CC9-BD43-4921C0359F20}"
EndProject
Project("{FAE04EC0-301F-11D3-BF4B-00C04F79EFBC}") = "AVS.NerdStoreShopping.MessageBus", "src\BuildingBlocks\AVS.NerdStoreShopping.MessageBus\AVS.NerdStoreShopping.MessageBus.csproj", "{4E296009-99AF-422B-B89A-AEC13F9DD0BC}"
EndProject
Project("{FAE04EC0-301F-11D3-BF4B-00C04F79EFBC}") = "AVS.NerdStoreShopping.APIGateway", "src\APIGateways\AVS.NerdStoreShopping.APIGateway\AVS.NerdStoreShopping.APIGateway.csproj", "{AEA409F0-C361-4967-9DB1-C54C1ADFF23B}"
EndProject
Project("{2150E333-8FDC-42A3-9474-1A3956D46DE8}") = "Email", "Email", "{6875C6A7-4E58-4D63-9F67-A85935ECB6ED}"
EndProject
Project("{FAE04EC0-301F-11D3-BF4B-00C04F79EFBC}") = "AVS.NerdStoreShopping.Email", "src\BuildingBlocks\AVS.NerdStoreShopping.Email\AVS.NerdStoreShopping.Email.csproj", "{C26CBC35-184E-4C49-955D-B92402079157}"
EndProject
Project("{FAE04EC0-301F-11D3-BF4B-00C04F79EFBC}") = "AVS.NerdStoreShopping.BillingProcessor", "src\Services\AVS.NerdStoreShopping.BillingProcessor\AVS.NerdStoreShopping.BillingProcessor.csproj", "{AE38C437-7A40-4A93-B323-68649B935292}"
EndProject
Global
	GlobalSection(SolutionConfigurationPlatforms) = preSolution
		Debug|Any CPU = Debug|Any CPU
		Release|Any CPU = Release|Any CPU
	EndGlobalSection
	GlobalSection(ProjectConfigurationPlatforms) = postSolution
		{608DAF52-5466-4D56-B9CB-540534E9685D}.Debug|Any CPU.ActiveCfg = Debug|Any CPU
		{608DAF52-5466-4D56-B9CB-540534E9685D}.Debug|Any CPU.Build.0 = Debug|Any CPU
		{608DAF52-5466-4D56-B9CB-540534E9685D}.Release|Any CPU.ActiveCfg = Release|Any CPU
		{608DAF52-5466-4D56-B9CB-540534E9685D}.Release|Any CPU.Build.0 = Release|Any CPU
		{3B2EA066-2879-4C96-ADCB-FD5ABD74671B}.Debug|Any CPU.ActiveCfg = Debug|Any CPU
		{3B2EA066-2879-4C96-ADCB-FD5ABD74671B}.Debug|Any CPU.Build.0 = Debug|Any CPU
		{3B2EA066-2879-4C96-ADCB-FD5ABD74671B}.Release|Any CPU.ActiveCfg = Release|Any CPU
		{3B2EA066-2879-4C96-ADCB-FD5ABD74671B}.Release|Any CPU.Build.0 = Release|Any CPU
		{32A39D7A-8EF9-4FDF-A4BA-99984D0129A8}.Debug|Any CPU.ActiveCfg = Debug|Any CPU
		{32A39D7A-8EF9-4FDF-A4BA-99984D0129A8}.Debug|Any CPU.Build.0 = Debug|Any CPU
		{32A39D7A-8EF9-4FDF-A4BA-99984D0129A8}.Release|Any CPU.ActiveCfg = Release|Any CPU
		{32A39D7A-8EF9-4FDF-A4BA-99984D0129A8}.Release|Any CPU.Build.0 = Release|Any CPU
		{E426146B-7EE8-4386-BA9F-F2E46F556866}.Debug|Any CPU.ActiveCfg = Debug|Any CPU
		{E426146B-7EE8-4386-BA9F-F2E46F556866}.Debug|Any CPU.Build.0 = Debug|Any CPU
		{E426146B-7EE8-4386-BA9F-F2E46F556866}.Release|Any CPU.ActiveCfg = Release|Any CPU
		{E426146B-7EE8-4386-BA9F-F2E46F556866}.Release|Any CPU.Build.0 = Release|Any CPU
		{857E15DC-E487-41AD-BBBD-9B3D32CADACD}.Debug|Any CPU.ActiveCfg = Debug|Any CPU
		{857E15DC-E487-41AD-BBBD-9B3D32CADACD}.Debug|Any CPU.Build.0 = Debug|Any CPU
		{857E15DC-E487-41AD-BBBD-9B3D32CADACD}.Release|Any CPU.ActiveCfg = Release|Any CPU
		{857E15DC-E487-41AD-BBBD-9B3D32CADACD}.Release|Any CPU.Build.0 = Release|Any CPU
		{6FF4B25A-2468-4D63-B368-B241C5C50605}.Debug|Any CPU.ActiveCfg = Debug|Any CPU
		{6FF4B25A-2468-4D63-B368-B241C5C50605}.Debug|Any CPU.Build.0 = Debug|Any CPU
		{6FF4B25A-2468-4D63-B368-B241C5C50605}.Release|Any CPU.ActiveCfg = Release|Any CPU
		{6FF4B25A-2468-4D63-B368-B241C5C50605}.Release|Any CPU.Build.0 = Release|Any CPU
		{CEBC5249-871F-479B-9F14-6D6536190CA6}.Debug|Any CPU.ActiveCfg = Debug|Any CPU
		{CEBC5249-871F-479B-9F14-6D6536190CA6}.Debug|Any CPU.Build.0 = Debug|Any CPU
		{CEBC5249-871F-479B-9F14-6D6536190CA6}.Release|Any CPU.ActiveCfg = Release|Any CPU
		{CEBC5249-871F-479B-9F14-6D6536190CA6}.Release|Any CPU.Build.0 = Release|Any CPU
		{426C0330-3C61-4CC9-BD43-4921C0359F20}.Debug|Any CPU.ActiveCfg = Debug|Any CPU
		{426C0330-3C61-4CC9-BD43-4921C0359F20}.Debug|Any CPU.Build.0 = Debug|Any CPU
		{426C0330-3C61-4CC9-BD43-4921C0359F20}.Release|Any CPU.ActiveCfg = Release|Any CPU
		{426C0330-3C61-4CC9-BD43-4921C0359F20}.Release|Any CPU.Build.0 = Release|Any CPU
		{4E296009-99AF-422B-B89A-AEC13F9DD0BC}.Debug|Any CPU.ActiveCfg = Debug|Any CPU
		{4E296009-99AF-422B-B89A-AEC13F9DD0BC}.Debug|Any CPU.Build.0 = Debug|Any CPU
		{4E296009-99AF-422B-B89A-AEC13F9DD0BC}.Release|Any CPU.ActiveCfg = Release|Any CPU
		{4E296009-99AF-422B-B89A-AEC13F9DD0BC}.Release|Any CPU.Build.0 = Release|Any CPU
		{AEA409F0-C361-4967-9DB1-C54C1ADFF23B}.Debug|Any CPU.ActiveCfg = Debug|Any CPU
		{AEA409F0-C361-4967-9DB1-C54C1ADFF23B}.Debug|Any CPU.Build.0 = Debug|Any CPU
		{AEA409F0-C361-4967-9DB1-C54C1ADFF23B}.Release|Any CPU.ActiveCfg = Release|Any CPU
		{AEA409F0-C361-4967-9DB1-C54C1ADFF23B}.Release|Any CPU.Build.0 = Release|Any CPU
		{C26CBC35-184E-4C49-955D-B92402079157}.Debug|Any CPU.ActiveCfg = Debug|Any CPU
		{C26CBC35-184E-4C49-955D-B92402079157}.Debug|Any CPU.Build.0 = Debug|Any CPU
		{C26CBC35-184E-4C49-955D-B92402079157}.Release|Any CPU.ActiveCfg = Release|Any CPU
		{C26CBC35-184E-4C49-955D-B92402079157}.Release|Any CPU.Build.0 = Release|Any CPU
		{AE38C437-7A40-4A93-B323-68649B935292}.Debug|Any CPU.ActiveCfg = Debug|Any CPU
		{AE38C437-7A40-4A93-B323-68649B935292}.Debug|Any CPU.Build.0 = Debug|Any CPU
		{AE38C437-7A40-4A93-B323-68649B935292}.Release|Any CPU.ActiveCfg = Release|Any CPU
		{AE38C437-7A40-4A93-B323-68649B935292}.Release|Any CPU.Build.0 = Release|Any CPU
	EndGlobalSection
	GlobalSection(SolutionProperties) = preSolution
		HideSolutionNode = FALSE
	EndGlobalSection
	GlobalSection(NestedProjects) = preSolution
		{E8BDB5E6-4EDB-488B-9917-B109D377CBC5} = {18E8C306-C590-4865-A1D5-C3C5E731D637}
		{FC90EA35-B226-444B-BBBE-74B9DE5FA8A2} = {18E8C306-C590-4865-A1D5-C3C5E731D637}
		{A33BA450-4886-4432-BBDD-0F90D007EECB} = {18E8C306-C590-4865-A1D5-C3C5E731D637}
		{FAC1CB01-4C35-4EF4-8781-A55F9B27A69B} = {E9935084-D6C5-4B25-B225-45EA3EBCB356}
		{E040A274-2754-4E08-A210-4B549646D322} = {FAC1CB01-4C35-4EF4-8781-A55F9B27A69B}
		{7133DDA1-880C-4FDE-8851-75863632D6F1} = {B6A02925-761D-4E78-BC3A-F4F21720871F}
		{A3F5F979-F401-4F79-A070-7B9D87A08E16} = {B6A02925-761D-4E78-BC3A-F4F21720871F}
		{B9681B44-712E-4E00-9D12-178719B7509D} = {B6A02925-761D-4E78-BC3A-F4F21720871F}
		{B662A463-3FF1-443D-9236-7864FC98AB0C} = {B6A02925-761D-4E78-BC3A-F4F21720871F}
		{9D5F5B77-4BE3-463E-8436-73E6C9D48084} = {B6A02925-761D-4E78-BC3A-F4F21720871F}
		{DDC3FC26-8967-4ADB-A84E-D16E5153B871} = {B6A02925-761D-4E78-BC3A-F4F21720871F}
		{608DAF52-5466-4D56-B9CB-540534E9685D} = {7133DDA1-880C-4FDE-8851-75863632D6F1}
		{3B2EA066-2879-4C96-ADCB-FD5ABD74671B} = {A3F5F979-F401-4F79-A070-7B9D87A08E16}
		{32A39D7A-8EF9-4FDF-A4BA-99984D0129A8} = {DDC3FC26-8967-4ADB-A84E-D16E5153B871}
		{E426146B-7EE8-4386-BA9F-F2E46F556866} = {B9681B44-712E-4E00-9D12-178719B7509D}
		{857E15DC-E487-41AD-BBBD-9B3D32CADACD} = {9D5F5B77-4BE3-463E-8436-73E6C9D48084}
		{6FF4B25A-2468-4D63-B368-B241C5C50605} = {B662A463-3FF1-443D-9236-7864FC98AB0C}
		{CEBC5249-871F-479B-9F14-6D6536190CA6} = {E040A274-2754-4E08-A210-4B549646D322}
		{426C0330-3C61-4CC9-BD43-4921C0359F20} = {E8BDB5E6-4EDB-488B-9917-B109D377CBC5}
		{4E296009-99AF-422B-B89A-AEC13F9DD0BC} = {FC90EA35-B226-444B-BBBE-74B9DE5FA8A2}
		{AEA409F0-C361-4967-9DB1-C54C1ADFF23B} = {26E397C6-0F03-4714-B4AA-C3C8CC5BE4AC}
		{6875C6A7-4E58-4D63-9F67-A85935ECB6ED} = {18E8C306-C590-4865-A1D5-C3C5E731D637}
		{C26CBC35-184E-4C49-955D-B92402079157} = {6875C6A7-4E58-4D63-9F67-A85935ECB6ED}
		{AE38C437-7A40-4A93-B323-68649B935292} = {B662A463-3FF1-443D-9236-7864FC98AB0C}
	EndGlobalSection
	GlobalSection(ExtensibilityGlobals) = postSolution
		SolutionGuid = {5FA2B895-97A9-43FD-B3B9-F1D76731E4D3}
	EndGlobalSection
EndGlobal
